PODS:
  - AFNetworking (3.2.1):
    - AFNetworking/NSURLSession (= 3.2.1)
    - AFNetworking/Reachability (= 3.2.1)
    - AFNetworking/Security (= 3.2.1)
    - AFNetworking/Serialization (= 3.2.1)
    - AFNetworking/UIKit (= 3.2.1)
  - AFNetworking/NSURLSession (3.2.1):
    - AFNetworking/Reachability
    - AFNetworking/Security
    - AFNetworking/Serialization
  - AFNetworking/Reachability (3.2.1)
  - AFNetworking/Security (3.2.1)
  - AFNetworking/Serialization (3.2.1)
  - AFNetworking/UIKit (3.2.1):
    - AFNetworking/NSURLSession
  - CSAppComponent (1.0.9):
    - CSAppComponent/Category (= 1.0.9)
    - CSAppComponent/Controller (= 1.0.9)
    - CSAppComponent/CSClass (= 1.0.9)
    - CSAppComponent/File (= 1.0.9)
    - CSAppComponent/Helper (= 1.0.9)
    - CSAppComponent/Model (= 1.0.9)
    - CSAppComponent/Setting (= 1.0.9)
    - CSAppComponent/Tool (= 1.0.9)
    - CSAppComponent/View (= 1.0.9)
    - CSAppComponent/ViewModel (= 1.0.9)
  - CSAppComponent/Category (1.0.9):
    - CSAppComponent/CSClass
    - CSAppComponent/Setting
  - CSAppComponent/Controller (1.0.9):
    - CSAppComponent/Category
    - CSAppComponent/CSClass
    - CSAppComponent/Helper
    - CSAppComponent/Setting
    - CSAppComponent/View
    - Masonry (~> 1.1.0)
    - ReactiveCocoa (~> 2.5.0)
  - CSAppComponent/CSClass (1.0.9):
    - CSDataModel (> 1.1.1)
  - CSAppComponent/File (1.0.9):
    - CSAppComponent/Tool
    - CSDataModel (> 1.1.1)
  - CSAppComponent/Helper (1.0.9):
    - CSAppComponent/CSClass
  - CSAppComponent/Model (1.0.9):
    - CSAppComponent/CSClass
    - CSAppComponent/Helper
    - CSDataModel (> 1.1.1)
  - CSAppComponent/Setting (1.0.9):
    - CSAppComponent/CSClass
    - CSDataModel (> 1.1.1)
  - CSAppComponent/Tool (1.0.9):
    - AFNetworking (~> 3.0)
    - CSAppComponent/CSClass
    - CSAppComponent/Helper
    - CSAppComponent/Model
    - CSAppComponent/Setting
    - CSDataModel (> 1.1.1)
    - ReactiveCocoa (~> 2.5.0)
  - CSAppComponent/View (1.0.9):
    - CSAppComponent/Category
    - CSAppComponent/CSClass
    - CSAppComponent/Helper
    - CSAppComponent/Setting
    - CSAppComponent/ViewModel
    - Masonry (~> 1.1.0)
    - ReactiveCocoa (~> 2.5.0)
  - CSAppComponent/ViewModel (1.0.9):
    - CSAppComponent/CSClass
  - CSDataModel (1.1.2)
  - Masonry (1.1.0)
  - ReactiveCocoa (2.5):
    - ReactiveCocoa/UI (= 2.5)
  - ReactiveCocoa/Core (2.5):
    - ReactiveCocoa/no-arc
  - ReactiveCocoa/no-arc (2.5)
  - ReactiveCocoa/UI (2.5):
    - ReactiveCocoa/Core

DEPENDENCIES:
  - CSAppComponent (from `../`)

SPEC REPOS:
  https://github.com/cocoapods/specs.git:
    - AFNetworking
    - CSDataModel
    - Masonry
    - ReactiveCocoa

EXTERNAL SOURCES:
  CSAppComponent:
    :path: "../"

SPEC CHECKSUMS:
  AFNetworking: b6f891fdfaed196b46c7a83cf209e09697b94057
  CSAppComponent: d5789f8d9424365163a6d65d104fce5a0f9b59d7
  CSDataModel: 5d5eda57e89a656678d22e2810aa2cdf6dfc4645
  Masonry: 678fab65091a9290e40e2832a55e7ab731aad201
  ReactiveCocoa: e2db045570aa97c695e7aa97c2bcab222ae51f4a

PODFILE CHECKSUM: 7b9a44f93476a06b92264a5483f7f6a20746f346

COCOAPODS: 1.5.3
